
Microsoft Visual Studio Solution File, Format Version 12.00
# Visual Studio Version 17
VisualStudioVersion = 17.3.32811.315
MinimumVisualStudioVersion = 10.0.40219.1
Project("{FAE04EC0-301F-11D3-BF4B-00C04F79EFBC}") = "MaximumUsingGenerics", "MaximumUsingGenerics.csproj", "{9F635F6E-A16C-424A-BFE0-682B53EEC421}"
EndProject
Global
	GlobalSection(SolutionConfigurationPlatforms) = preSolution
		Debug|Any CPU = Debug|Any CPU
		Release|Any CPU = Release|Any CPU
	EndGlobalSection
	GlobalSection(ProjectConfigurationPlatforms) = postSolution
		{9F635F6E-A16C-424A-BFE0-682B53EEC421}.Debug|Any CPU.ActiveCfg = Debug|Any CPU
		{9F635F6E-A16C-424A-BFE0-682B53EEC421}.Debug|Any CPU.Build.0 = Debug|Any CPU
		{9F635F6E-A16C-424A-BFE0-682B53EEC421}.Release|Any CPU.ActiveCfg = Release|Any CPU
		{9F635F6E-A16C-424A-BFE0-682B53EEC421}.Release|Any CPU.Build.0 = Release|Any CPU
	EndGlobalSection
	GlobalSection(SolutionProperties) = preSolution
		HideSolutionNode = FALSE
	EndGlobalSection
	GlobalSection(ExtensibilityGlobals) = postSolution
		SolutionGuid = {F026FB0D-83E3-402B-849D-64AD1217A11D}
	EndGlobalSection
EndGlobal
